PODS:
  - Starscream (4.0.3)
  - YoutubePlayerView (1.2.1)

DEPENDENCIES:
  - Starscream (~> 4.0.0)
  - YoutubePlayerView

SPEC REPOS:
  trunk:
    - Starscream
    - YoutubePlayerView

SPEC CHECKSUMS:
  Starscream: ef06f0961fff0880bca0604416d61141e4faca67
  YoutubePlayerView: 3870fc10f2db3f54156697757f44d304203bdc7e

PODFILE CHECKSUM: cc99679dd9f6a8e0a4f13157d392677c491b8dc3

COCOAPODS: 1.9.1
