// !$*UTF8*$!
{
	archiveVersion = 1;
	classes = {
	};
	objectVersion = 50;
	objects = {

/* Begin PBXBuildFile section */
		198E3A432443560300960654 /* AppDelegate.swift in Sources */ = {isa = PBXBuildFile; fileRef = 198E3A422443560300960654 /* AppDelegate.swift */; };
		198E3A452443560300960654 /* SceneDelegate.swift in Sources */ = {isa = PBXBuildFile; fileRef = 198E3A442443560300960654 /* SceneDelegate.swift */; };
		198E3A472443560300960654 /* ViewController.swift in Sources */ = {isa = PBXBuildFile; fileRef = 198E3A462443560300960654 /* ViewController.swift */; };
		198E3A4A2443560300960654 /* Main.storyboard in Resources */ = {isa = PBXBuildFile; fileRef = 198E3A482443560300960654 /* Main.storyboard */; };
		198E3A4C2443560600960654 /* Assets.xcassets in Resources */ = {isa = PBXBuildFile; fileRef = 198E3A4B2443560600960654 /* Assets.xcassets */; };
		198E3A4F2443560600960654 /* LaunchScreen.storyboard in Resources */ = {isa = PBXBuildFile; fileRef = 198E3A4D2443560600960654 /* LaunchScreen.storyboard */; };
		84C47ABBE5C8BEEBAD820ED7 /* Pods_WS_Youtube.framework in Frameworks */ = {isa = PBXBuildFile; fileRef = BE95BEDC240D57C8B9DB0F16 /* Pods_WS_Youtube.framework */; };
/* End PBXBuildFile section */

/* Begin PBXFileReference section */
		0B6F6339DB8C06934B0C0E1C /* Pods-WS-Youtube.release.xcconfig */ = {isa = PBXFileReference; includeInIndex = 1; lastKnownFileType = text.xcconfig; name = "Pods-WS-Youtube.release.xcconfig"; path = "Target Support Files/Pods-WS-Youtube/Pods-WS-Youtube.release.xcconfig"; sourceTree = "<group>"; };
		198E3A3F2443560300960654 /* WS-Youtube.app */ = {isa = PBXFileReference; explicitFileType = wrapper.application; includeInIndex = 0; path = "WS-Youtube.app"; sourceTree = BUILT_PRODUCTS_DIR; };
		198E3A422443560300960654 /* AppDelegate.swift */ = {isa = PBXFileReference; lastKnownFileType = sourcecode.swift; path = AppDelegate.swift; sourceTree = "<group>"; };
		198E3A442443560300960654 /* SceneDelegate.swift */ = {isa = PBXFileReference; lastKnownFileType = sourcecode.swift; path = SceneDelegate.swift; sourceTree = "<group>"; };
		198E3A462443560300960654 /* ViewController.swift */ = {isa = PBXFileReference; lastKnownFileType = sourcecode.swift; path = ViewController.swift; sourceTree = "<group>"; };
		198E3A492443560300960654 /* Base */ = {isa = PBXFileReference; lastKnownFileType = file.storyboard; name = Base; path = Base.lproj/Main.storyboard; sourceTree = "<group>"; };
		198E3A4B2443560600960654 /* Assets.xcassets */ = {isa = PBXFileReference; lastKnownFileType = folder.assetcatalog; path = Assets.xcassets; sourceTree = "<group>"; };
		198E3A4E2443560600960654 /* Base */ = {isa = PBXFileReference; lastKnownFileType = file.storyboard; name = Base; path = Base.lproj/LaunchScreen.storyboard; sourceTree = "<group>"; };
		198E3A502443560600960654 /* Info.plist */ = {isa = PBXFileReference; lastKnownFileType = text.plist.xml; path = Info.plist; sourceTree = "<group>"; };
		BE95BEDC240D57C8B9DB0F16 /* Pods_WS_Youtube.framework */ = {isa = PBXFileReference; explicitFileType = wrapper.framework; includeInIndex = 0; path = Pods_WS_Youtube.framework; sourceTree = BUILT_PRODUCTS_DIR; };
		DB49699EE614CF915D3EFE3A /* Pods-WS-Youtube.debug.xcconfig */ = {isa = PBXFileReference; includeInIndex = 1; lastKnownFileType = text.xcconfig; name = "Pods-WS-Youtube.debug.xcconfig"; path = "Target Support Files/Pods-WS-Youtube/Pods-WS-Youtube.debug.xcconfig"; sourceTree = "<group>"; };
/* End PBXFileReference section */

/* Begin PBXFrameworksBuildPhase section */
		198E3A3C2443560300960654 /* Frameworks */ = {
			isa = PBXFrameworksBuildPhase;
			buildActionMask = 2147483647;
			files = (
				84C47ABBE5C8BEEBAD820ED7 /* Pods_WS_Youtube.framework in Frameworks */,
			);
			runOnlyForDeploymentPostprocessing = 0;
		};
/* End PBXFrameworksBuildPhase section */

/* Begin PBXGroup section */
		198E3A362443560300960654 = {
			isa = PBXGroup;
			children = (
				198E3A412443560300960654 /* WS-Youtube */,
				198E3A402443560300960654 /* Products */,
				AE884D1F1715D45B5B2C39AD /* Pods */,
				4FFC5DF314404DB1E7B6D1DF /* Frameworks */,
			);
			sourceTree = "<group>";
		};
		198E3A402443560300960654 /* Products */ = {
			isa = PBXGroup;
			children = (
				198E3A3F2443560300960654 /* WS-Youtube.app */,
			);
			name = Products;
			sourceTree = "<group>";
		};
		198E3A412443560300960654 /* WS-Youtube */ = {
			isa = PBXGroup;
			children = (
				198E3A422443560300960654 /* AppDelegate.swift */,
				198E3A442443560300960654 /* SceneDelegate.swift */,
				198E3A462443560300960654 /* ViewController.swift */,
				198E3A482443560300960654 /* Main.storyboard */,
				198E3A4B2443560600960654 /* Assets.xcassets */,
				198E3A4D2443560600960654 /* LaunchScreen.storyboard */,
				198E3A502443560600960654 /* Info.plist */,
			);
			path = "WS-Youtube";
			sourceTree = "<group>";
		};
		4FFC5DF314404DB1E7B6D1DF /* Frameworks */ = {
			isa = PBXGroup;
			children = (
				BE95BEDC240D57C8B9DB0F16 /* Pods_WS_Youtube.framework */,
			);
			name = Frameworks;
			sourceTree = "<group>";
		};
		AE884D1F1715D45B5B2C39AD /* Pods */ = {
			isa = PBXGroup;
			children = (
				DB49699EE614CF915D3EFE3A /* Pods-WS-Youtube.debug.xcconfig */,
				0B6F6339DB8C06934B0C0E1C /* Pods-WS-Youtube.release.xcconfig */,
			);
			name = Pods;
			path = Pods;
			sourceTree = "<group>";
		};
/* End PBXGroup section */

/* Begin PBXNativeTarget section */
		198E3A3E2443560300960654 /* WS-Youtube */ = {
			isa = PBXNativeTarget;
			buildConfigurationList = 198E3A532443560600960654 /* Build configuration list for PBXNativeTarget "WS-Youtube" */;
			buildPhases = (
				3419C95085370C5A14087F73 /* [CP] Check Pods Manifest.lock */,
				198E3A3B2443560300960654 /* Sources */,
				198E3A3C2443560300960654 /* Frameworks */,
				198E3A3D2443560300960654 /* Resources */,
				63146EADB41790B75DB6A31E /* [CP] Embed Pods Frameworks */,
			);
			buildRules = (
			);
			dependencies = (
			);
			name = "WS-Youtube";
			productName = "WS-Youtube";
			productReference = 198E3A3F2443560300960654 /* WS-Youtube.app */;
			productType = "com.apple.product-type.application";
		};
/* End PBXNativeTarget section */

/* Begin PBXProject section */
		198E3A372443560300960654 /* Project object */ = {
			isa = PBXProject;
			attributes = {
				LastSwiftUpdateCheck = 1120;
				LastUpgradeCheck = 1120;
				ORGANIZATIONNAME = "takayuki sei";
				TargetAttributes = {
					198E3A3E2443560300960654 = {
						CreatedOnToolsVersion = 11.2.1;
					};
				};
			};
			buildConfigurationList = 198E3A3A2443560300960654 /* Build configuration list for PBXProject "WS-Youtube" */;
			compatibilityVersion = "Xcode 9.3";
			developmentRegion = en;
			hasScannedForEncodings = 0;
			knownRegions = (
				en,
				Base,
			);
			mainGroup = 198E3A362443560300960654;
			productRefGroup = 198E3A402443560300960654 /* Products */;
			projectDirPath = "";
			projectRoot = "";
			targets = (
				198E3A3E2443560300960654 /* WS-Youtube */,
			);
		};
/* End PBXProject section */

/* Begin PBXResourcesBuildPhase section */
		198E3A3D2443560300960654 /* Resources */ = {
			isa = PBXResourcesBuildPhase;
			buildActionMask = 2147483647;
			files = (
				198E3A4F2443560600960654 /* LaunchScreen.storyboard in Resources */,
				198E3A4C2443560600960654 /* Assets.xcassets in Resources */,
				198E3A4A2443560300960654 /* Main.storyboard in Resources */,
			);
			runOnlyForDeploymentPostprocessing = 0;
		};
/* End PBXResourcesBuildPhase section */

/* Begin PBXShellScriptBuildPhase section */
		3419C95085370C5A14087F73 /* [CP] Check Pods Manifest.lock */ = {
			isa = PBXShellScriptBuildPhase;
			buildActionMask = 2147483647;
			files = (
			);
			inputFileListPaths = (
			);
			inputPaths = (
				"${PODS_PODFILE_DIR_PATH}/Podfile.lock",
				"${PODS_ROOT}/Manifest.lock",
			);
			name = "[CP] Check Pods Manifest.lock";
			outputFileListPaths = (
			);
			outputPaths = (
				"$(DERIVED_FILE_DIR)/Pods-WS-Youtube-checkManifestLockResult.txt",
			);
			runOnlyForDeploymentPostprocessing = 0;
			shellPath = /bin/sh;
			shellScript = "diff \"${PODS_PODFILE_DIR_PATH}/Podfile.lock\" \"${PODS_ROOT}/Manifest.lock\" > /dev/null\nif [ $? != 0 ] ; then\n    # print error to STDERR\n    echo \"error: The sandbox is not in sync with the Podfile.lock. Run 'pod install' or update your CocoaPods installation.\" >&2\n    exit 1\nfi\n# This output is used by Xcode 'outputs' to avoid re-running this script phase.\necho \"SUCCESS\" > \"${SCRIPT_OUTPUT_FILE_0}\"\n";
			showEnvVarsInLog = 0;
		};
		63146EADB41790B75DB6A31E /* [CP] Embed Pods Frameworks */ = {
			isa = PBXShellScriptBuildPhase;
			buildActionMask = 2147483647;
			files = (
			);
			inputFileListPaths = (
				"${PODS_ROOT}/Target Support Files/Pods-WS-Youtube/Pods-WS-Youtube-frameworks-${CONFIGURATION}-input-files.xcfilelist",
			);
			name = "[CP] Embed Pods Frameworks";
			outputFileListPaths = (
				"${PODS_ROOT}/Target Support Files/Pods-WS-Youtube/Pods-WS-Youtube-frameworks-${CONFIGURATION}-output-files.xcfilelist",
			);
			runOnlyForDeploymentPostprocessing = 0;
			shellPath = /bin/sh;
			shellScript = "\"${PODS_ROOT}/Target Support Files/Pods-WS-Youtube/Pods-WS-Youtube-frameworks.sh\"\n";
			showEnvVarsInLog = 0;
		};
/* End PBXShellScriptBuildPhase section */

/* Begin PBXSourcesBuildPhase section */
		198E3A3B2443560300960654 /* Sources */ = {
			isa = PBXSourcesBuildPhase;
			buildActionMask = 2147483647;
			files = (
				198E3A472443560300960654 /* ViewController.swift in Sources */,
				198E3A432443560300960654 /* AppDelegate.swift in Sources */,
				198E3A452443560300960654 /* SceneDelegate.swift in Sources */,
			);
			runOnlyForDeploymentPostprocessing = 0;
		};
/* End PBXSourcesBuildPhase section */

/* Begin PBXVariantGroup section */
		198E3A482443560300960654 /* Main.storyboard */ = {
			isa = PBXVariantGroup;
			children = (
				198E3A492443560300960654 /* Base */,
			);
			name = Main.storyboard;
			sourceTree = "<group>";
		};
		198E3A4D2443560600960654 /* LaunchScreen.storyboard */ = {
			isa = PBXVariantGroup;
			children = (
				198E3A4E2443560600960654 /* Base */,
			);
			name = LaunchScreen.storyboard;
			sourceTree = "<group>";
		};
/* End PBXVariantGroup section */

/* Begin XCBuildConfiguration section */
		198E3A512443560600960654 /* Debug */ = {
			isa = XCBuildConfiguration;
			buildSettings = {
				ALWAYS_SEARCH_USER_PATHS = NO;
				CLANG_ANALYZER_NONNULL = YES;
				CLANG_ANALYZER_NUMBER_OBJECT_CONVERSION = YES_AGGRESSIVE;
				CLANG_CXX_LANGUAGE_STANDARD = "gnu++14";
				CLANG_CXX_LIBRARY = "libc++";
				CLANG_ENABLE_MODULES = YES;
				CLANG_ENABLE_OBJC_ARC = YES;
				CLANG_ENABLE_OBJC_WEAK = YES;
				CLANG_WARN_BLOCK_CAPTURE_AUTORELEASING = YES;
				CLANG_WARN_BOOL_CONVERSION = YES;
				CLANG_WARN_COMMA = YES;
				CLANG_WARN_CONSTANT_CONVERSION = YES;
				CLANG_WARN_DEPRECATED_OBJC_IMPLEMENTATIONS = YES;
				CLANG_WARN_DIRECT_OBJC_ISA_USAGE = YES_ERROR;
				CLANG_WARN_DOCUMENTATION_COMMENTS = YES;
				CLANG_WARN_EMPTY_BODY = YES;
				CLANG_WARN_ENUM_CONVERSION = YES;
				CLANG_WARN_INFINITE_RECURSION = YES;
				CLANG_WARN_INT_CONVERSION = YES;
				CLANG_WARN_NON_LITERAL_NULL_CONVERSION = YES;
				CLANG_WARN_OBJC_IMPLICIT_RETAIN_SELF = YES;
				CLANG_WARN_OBJC_LITERAL_CONVERSION = YES;
				CLANG_WARN_OBJC_ROOT_CLASS = YES_ERROR;
				CLANG_WARN_RANGE_LOOP_ANALYSIS = YES;
				CLANG_WARN_STRICT_PROTOTYPES = YES;
				CLANG_WARN_SUSPICIOUS_MOVE = YES;
				CLANG_WARN_UNGUARDED_AVAILABILITY = YES_AGGRESSIVE;
				CLANG_WARN_UNREACHABLE_CODE = YES;
				CLANG_WARN__DUPLICATE_METHOD_MATCH = YES;
				COPY_PHASE_STRIP = NO;
				DEBUG_INFORMATION_FORMAT = dwarf;
				ENABLE_STRICT_OBJC_MSGSEND = YES;
				ENABLE_TESTABILITY = YES;
				GCC_C_LANGUAGE_STANDARD = gnu11;
				GCC_DYNAMIC_NO_PIC = NO;
				GCC_NO_COMMON_BLOCKS = YES;
				GCC_OPTIMIZATION_LEVEL = 0;
				GCC_PREPROCESSOR_DEFINITIONS = (
					"DEBUG=1",
					"$(inherited)",
				);
				GCC_WARN_64_TO_32_BIT_CONVERSION = YES;
				GCC_WARN_ABOUT_RETURN_TYPE = YES_ERROR;
				GCC_WARN_UNDECLARED_SELECTOR = YES;
				GCC_WARN_UNINITIALIZED_AUTOS = YES_AGGRESSIVE;
				GCC_WARN_UNUSED_FUNCTION = YES;
				GCC_WARN_UNUSED_VARIABLE = YES;
				IPHONEOS_DEPLOYMENT_TARGET = 13.2;
				MTL_ENABLE_DEBUG_INFO = INCLUDE_SOURCE;
				MTL_FAST_MATH = YES;
				ONLY_ACTIVE_ARCH = YES;
				SDKROOT = iphoneos;
				SWIFT_ACTIVE_COMPILATION_CONDITIONS = DEBUG;
				SWIFT_OPTIMIZATION_LEVEL = "-Onone";
			};
			name = Debug;
		};
		198E3A522443560600960654 /* Release */ = {
			isa = XCBuildConfiguration;
			buildSettings = {
				ALWAYS_SEARCH_USER_PATHS = NO;
				CLANG_ANALYZER_NONNULL = YES;
				CLANG_ANALYZER_NUMBER_OBJECT_CONVERSION = YES_AGGRESSIVE;
				CLANG_CXX_LANGUAGE_STANDARD = "gnu++14";
				CLANG_CXX_LIBRARY = "libc++";
				CLANG_ENABLE_MODULES = YES;
				CLANG_ENABLE_OBJC_ARC = YES;
				CLANG_ENABLE_OBJC_WEAK = YES;
				CLANG_WARN_BLOCK_CAPTURE_AUTORELEASING = YES;
				CLANG_WARN_BOOL_CONVERSION = YES;
				CLANG_WARN_COMMA = YES;
				CLANG_WARN_CONSTANT_CONVERSION = YES;
				CLANG_WARN_DEPRECATED_OBJC_IMPLEMENTATIONS = YES;
				CLANG_WARN_DIRECT_OBJC_ISA_USAGE = YES_ERROR;
				CLANG_WARN_DOCUMENTATION_COMMENTS = YES;
				CLANG_WARN_EMPTY_BODY = YES;
				CLANG_WARN_ENUM_CONVERSION = YES;
				CLANG_WARN_INFINITE_RECURSION = YES;
				CLANG_WARN_INT_CONVERSION = YES;
				CLANG_WARN_NON_LITERAL_NULL_CONVERSION = YES;
				CLANG_WARN_OBJC_IMPLICIT_RETAIN_SELF = YES;
				CLANG_WARN_OBJC_LITERAL_CONVERSION = YES;
				CLANG_WARN_OBJC_ROOT_CLASS = YES_ERROR;
				CLANG_WARN_RANGE_LOOP_ANALYSIS = YES;
				CLANG_WARN_STRICT_PROTOTYPES = YES;
				CLANG_WARN_SUSPICIOUS_MOVE = YES;
				CLANG_WARN_UNGUARDED_AVAILABILITY = YES_AGGRESSIVE;
				CLANG_WARN_UNREACHABLE_CODE = YES;
				CLANG_WARN__DUPLICATE_METHOD_MATCH = YES;
				COPY_PHASE_STRIP = NO;
				DEBUG_INFORMATION_FORMAT = "dwarf-with-dsym";
				ENABLE_NS_ASSERTIONS = NO;
				ENABLE_STRICT_OBJC_MSGSEND = YES;
				GCC_C_LANGUAGE_STANDARD = gnu11;
				GCC_NO_COMMON_BLOCKS = YES;
				GCC_WARN_64_TO_32_BIT_CONVERSION = YES;
				GCC_WARN_ABOUT_RETURN_TYPE = YES_ERROR;
				GCC_WARN_UNDECLARED_SELECTOR = YES;
				GCC_WARN_UNINITIALIZED_AUTOS = YES_AGGRESSIVE;
				GCC_WARN_UNUSED_FUNCTION = YES;
				GCC_WARN_UNUSED_VARIABLE = YES;
				IPHONEOS_DEPLOYMENT_TARGET = 13.2;
				MTL_ENABLE_DEBUG_INFO = NO;
				MTL_FAST_MATH = YES;
				SDKROOT = iphoneos;
				SWIFT_COMPILATION_MODE = wholemodule;
				SWIFT_OPTIMIZATION_LEVEL = "-O";
				VALIDATE_PRODUCT = YES;
			};
			name = Release;
		};
		198E3A542443560600960654 /* Debug */ = {
			isa = XCBuildConfiguration;
			baseConfigurationReference = DB49699EE614CF915D3EFE3A /* Pods-WS-Youtube.debug.xcconfig */;
			buildSettings = {
				ASSETCATALOG_COMPILER_APPICON_NAME = AppIcon;
				CODE_SIGN_STYLE = Automatic;
				DEVELOPMENT_TEAM = YT838T8CB7;
				INFOPLIST_FILE = "WS-Youtube/Info.plist";
				LD_RUNPATH_SEARCH_PATHS = (
					"$(inherited)",
					"@executable_path/Frameworks",
				);
				PRODUCT_BUNDLE_IDENTIFIER = "net.daybysay.WS-Youtube";
				PRODUCT_NAME = "$(TARGET_NAME)";
				SWIFT_VERSION = 5.0;
				TARGETED_DEVICE_FAMILY = "1,2";
			};
			name = Debug;
		};
		198E3A552443560600960654 /* Release */ = {
			isa = XCBuildConfiguration;
			baseConfigurationReference = 0B6F6339DB8C06934B0C0E1C /* Pods-WS-Youtube.release.xcconfig */;
			buildSettings = {
				ASSETCATALOG_COMPILER_APPICON_NAME = AppIcon;
				CODE_SIGN_STYLE = Automatic;
				DEVELOPMENT_TEAM = YT838T8CB7;
				INFOPLIST_FILE = "WS-Youtube/Info.plist";
				LD_RUNPATH_SEARCH_PATHS = (
					"$(inherited)",
					"@executable_path/Frameworks",
				);
				PRODUCT_BUNDLE_IDENTIFIER = "net.daybysay.WS-Youtube";
				PRODUCT_NAME = "$(TARGET_NAME)";
				SWIFT_VERSION = 5.0;
				TARGETED_DEVICE_FAMILY = "1,2";
			};
			name = Release;
		};
/* End XCBuildConfiguration section */

/* Begin XCConfigurationList section */
		198E3A3A2443560300960654 /* Build configuration list for PBXProject "WS-Youtube" */ = {
			isa = XCConfigurationList;
			buildConfigurations = (
				198E3A512443560600960654 /* Debug */,
				198E3A522443560600960654 /* Release */,
			);
			defaultConfigurationIsVisible = 0;
			defaultConfigurationName = Release;
		};
		198E3A532443560600960654 /* Build configuration list for PBXNativeTarget "WS-Youtube" */ = {
			isa = XCConfigurationList;
			buildConfigurations = (
				198E3A542443560600960654 /* Debug */,
				198E3A552443560600960654 /* Release */,
			);
			defaultConfigurationIsVisible = 0;
			defaultConfigurationName = Release;
		};
/* End XCConfigurationList section */
	};
	rootObject = 198E3A372443560300960654 /* Project object */;
}
